{
  "lockfileVersion": 1,
  "configVersion": 1,
  "workspaces": {
    "": {
      "name": "@hydris/builtin-cue",
      "dependencies": {
        "@projectqai/proto": ">=0.0.54",
      },
    },
  },
  "packages": {
    "@bufbuild/protobuf": ["@bufbuild/protobuf@2.12.0", "", {}, "sha512-B/XlCaFIP8LOwzo+bz5uFzATYokcwCKQcghqnlfwSmM5eX/qTkvDBnDPs+gXtX/RyjxJ4DRikECcPJbyALA8FA=="],

    "@connectrpc/connect": ["@connectrpc/connect@2.1.1", "", { "peerDependencies": { "@bufbuild/protobuf": "^2.7.0" } }, "sha512-JzhkaTvM73m2K1URT6tv53k2RwngSmCXLZJgK580qNQOXRzZRR/BCMfZw3h+90JpnG6XksP5bYT+cz0rpUzUWQ=="],

    "@projectqai/proto": ["@projectqai/proto@0.0.54", "", { "dependencies": { "@connectrpc/connect": "^2.0.0" }, "peerDependencies": { "@bufbuild/protobuf": "^2.10.1" } }, "sha512-fpwKP+fqHEZ2nOjYNpH2lyte5r2anPtfjdX7vFdFPHsxp/23Ovj4pQuHzjKiay090me+ZsJDVElQvws+qDOq3A=="],
  }
}
